// !$*UTF8*$!
{
	archiveVersion = 1;
	classes = {
	};
	objectVersion = 56;
	objects = {

/* Begin PBXBuildFile section */
		A317C5B22BD1A56500FBCC33 /* NicknameViewController.swift in Sources */ = {isa = PBXBuildFile; fileRef = A317C5B12BD1A56500FBCC33 /* NicknameViewController.swift */; };
		A317C5B42BD1C8F500FBCC33 /* UIView+.swift in Sources */ = {isa = PBXBuildFile; fileRef = A317C5B32BD1C8F500FBCC33 /* UIView+.swift */; };
		A347F0792BE0D5E20086DDB1 /* LiveContentModel.swift in Sources */ = {isa = PBXBuildFile; fileRef = A347F0782BE0D5E20086DDB1 /* LiveContentModel.swift */; };
		A347F07B2BE0D5EE0086DDB1 /* LiveContentViewCell.swift in Sources */ = {isa = PBXBuildFile; fileRef = A347F07A2BE0D5EE0086DDB1 /* LiveContentViewCell.swift */; };
		A347F07D2BE0D5FE0086DDB1 /* LiveContentViewController.swift in Sources */ = {isa = PBXBuildFile; fileRef = A347F07C2BE0D5FE0086DDB1 /* LiveContentViewController.swift */; };
		A347F0822BE0E1220086DDB1 /* RecommendContentViewController.swift in Sources */ = {isa = PBXBuildFile; fileRef = A347F0812BE0E1220086DDB1 /* RecommendContentViewController.swift */; };
		A347F0842BE0E17E0086DDB1 /* RecommendContentViewCell.swift in Sources */ = {isa = PBXBuildFile; fileRef = A347F0832BE0E17E0086DDB1 /* RecommendContentViewCell.swift */; };
		A347F0862BE0E1B90086DDB1 /* RecommendContentModel.swift in Sources */ = {isa = PBXBuildFile; fileRef = A347F0852BE0E1B90086DDB1 /* RecommendContentModel.swift */; };
		A36FD6762C12381A0034D100 /* SearchView.swift in Sources */ = {isa = PBXBuildFile; fileRef = A36FD6752C12381A0034D100 /* SearchView.swift */; };
		A36FD6782C123B350034D100 /* SearchViewController.swift in Sources */ = {isa = PBXBuildFile; fileRef = A36FD6772C123B350034D100 /* SearchViewController.swift */; };
		A36FD6952C123D230034D100 /* Pretendard-Black.otf in Resources */ = {isa = PBXBuildFile; fileRef = A36FD68C2C123D230034D100 /* Pretendard-Black.otf */; };
		A36FD6962C123D230034D100 /* Pretendard-ExtraBold.otf in Resources */ = {isa = PBXBuildFile; fileRef = A36FD68D2C123D230034D100 /* Pretendard-ExtraBold.otf */; };
		A36FD6972C123D230034D100 /* Pretendard-ExtraLight.otf in Resources */ = {isa = PBXBuildFile; fileRef = A36FD68E2C123D230034D100 /* Pretendard-ExtraLight.otf */; };
		A36FD6982C123D230034D100 /* Pretendard-SemiBold.otf in Resources */ = {isa = PBXBuildFile; fileRef = A36FD68F2C123D230034D100 /* Pretendard-SemiBold.otf */; };
		A36FD6992C123D230034D100 /* Pretendard-Thin.otf in Resources */ = {isa = PBXBuildFile; fileRef = A36FD6902C123D230034D100 /* Pretendard-Thin.otf */; };
		A36FD69A2C123D230034D100 /* Pretendard-Medium.otf in Resources */ = {isa = PBXBuildFile; fileRef = A36FD6912C123D230034D100 /* Pretendard-Medium.otf */; };
		A36FD69B2C123D230034D100 /* Pretendard-Light.otf in Resources */ = {isa = PBXBuildFile; fileRef = A36FD6922C123D230034D100 /* Pretendard-Light.otf */; };
		A36FD69C2C123D230034D100 /* Pretendard-Regular.otf in Resources */ = {isa = PBXBuildFile; fileRef = A36FD6932C123D230034D100 /* Pretendard-Regular.otf */; };
		A36FD69D2C123D230034D100 /* Pretendard-Bold.otf in Resources */ = {isa = PBXBuildFile; fileRef = A36FD6942C123D230034D100 /* Pretendard-Bold.otf */; };
		A36FF6EB2C10C748004BF480 /* LoginView.swift in Sources */ = {isa = PBXBuildFile; fileRef = A36FF6EA2C10C748004BF480 /* LoginView.swift */; };
		A36FF6ED2C10C75A004BF480 /* LoginViewModel.swift in Sources */ = {isa = PBXBuildFile; fileRef = A36FF6EC2C10C75A004BF480 /* LoginViewModel.swift */; };
		A36FF6F12C10C902004BF480 /* LoginViewController.swift in Sources */ = {isa = PBXBuildFile; fileRef = A36FF6F02C10C902004BF480 /* LoginViewController.swift */; };
		A36FF6F32C10D66D004BF480 /* UIButton+.swift in Sources */ = {isa = PBXBuildFile; fileRef = A36FF6F22C10D66D004BF480 /* UIButton+.swift */; };
		A36FF6F72C110200004BF480 /* WelcomeView.swift in Sources */ = {isa = PBXBuildFile; fileRef = A36FF6F62C110200004BF480 /* WelcomeView.swift */; };
		A36FF6F92C11020E004BF480 /* WelcomeViewController.swift in Sources */ = {isa = PBXBuildFile; fileRef = A36FF6F82C11020E004BF480 /* WelcomeViewController.swift */; };
		A3B375172BD01C1300AA87E5 /* AppDelegate.swift in Sources */ = {isa = PBXBuildFile; fileRef = A3B375162BD01C1300AA87E5 /* AppDelegate.swift */; };
		A3B375192BD01C1300AA87E5 /* SceneDelegate.swift in Sources */ = {isa = PBXBuildFile; fileRef = A3B375182BD01C1300AA87E5 /* SceneDelegate.swift */; };
		A3B3751B2BD01C1300AA87E5 /* ViewController.swift in Sources */ = {isa = PBXBuildFile; fileRef = A3B3751A2BD01C1300AA87E5 /* ViewController.swift */; };
		A3B3751E2BD01C1300AA87E5 /* Base in Resources */ = {isa = PBXBuildFile; fileRef = A3B3751D2BD01C1300AA87E5 /* Base */; };
		A3B375202BD01C1600AA87E5 /* Assets.xcassets in Resources */ = {isa = PBXBuildFile; fileRef = A3B3751F2BD01C1600AA87E5 /* Assets.xcassets */; };
		A3B375232BD01C1600AA87E5 /* Base in Resources */ = {isa = PBXBuildFile; fileRef = A3B375222BD01C1600AA87E5 /* Base */; };
		A3B3752B2BD0212200AA87E5 /* LoginViewController_MVC.swift in Sources */ = {isa = PBXBuildFile; fileRef = A3B3752A2BD0212200AA87E5 /* LoginViewController_MVC.swift */; };
		A3B3752D2BD0213E00AA87E5 /* WelcomeViewController_MVC.swift in Sources */ = {isa = PBXBuildFile; fileRef = A3B3752C2BD0213E00AA87E5 /* WelcomeViewController_MVC.swift */; };
		A3B375302BD023D500AA87E5 /* SnapKit in Frameworks */ = {isa = PBXBuildFile; productRef = A3B3752F2BD023D500AA87E5 /* SnapKit */; };
		A3B375322BD023D500AA87E5 /* SnapKit-Dynamic in Frameworks */ = {isa = PBXBuildFile; productRef = A3B375312BD023D500AA87E5 /* SnapKit-Dynamic */; };
		A3B375662BD068BD00AA87E5 /* UILabel+.swift in Sources */ = {isa = PBXBuildFile; fileRef = A3B375652BD068BD00AA87E5 /* UILabel+.swift */; };
		A3B375682BD156E600AA87E5 /* UITextField+.swift in Sources */ = {isa = PBXBuildFile; fileRef = A3B375672BD156E600AA87E5 /* UITextField+.swift */; };
		A3C4D82A2BECCDDB00647B50 /* Moya in Frameworks */ = {isa = PBXBuildFile; productRef = A3C4D8292BECCDDB00647B50 /* Moya */; };
		A3C4D82E2BECD40B00647B50 /* Config.swift in Sources */ = {isa = PBXBuildFile; fileRef = A3C4D82D2BECD40B00647B50 /* Config.swift */; };
		A3C4D8302BECDE8900647B50 /* NetworkResult.swift in Sources */ = {isa = PBXBuildFile; fileRef = A3C4D82F2BECDE8900647B50 /* NetworkResult.swift */; };
		A3C4D8322BECDEB800647B50 /* MoyaLoggingPlugin.swift in Sources */ = {isa = PBXBuildFile; fileRef = A3C4D8312BECDEB800647B50 /* MoyaLoggingPlugin.swift */; };
		A3C4D8352BECE51000647B50 /* BoxOfficeResponseModel.swift in Sources */ = {isa = PBXBuildFile; fileRef = A3C4D8342BECE51000647B50 /* BoxOfficeResponseModel.swift */; };
		A3C4D83B2BED158B00647B50 /* BoxOfficeTargetType.swift in Sources */ = {isa = PBXBuildFile; fileRef = A3C4D83A2BED158B00647B50 /* BoxOfficeTargetType.swift */; };
		A3C4D83D2BED22E400647B50 /* BoxOfficeService.swift in Sources */ = {isa = PBXBuildFile; fileRef = A3C4D83C2BED22E400647B50 /* BoxOfficeService.swift */; };
		A3C4D83F2BED395800647B50 /* BoxOfficeViewCell.swift in Sources */ = {isa = PBXBuildFile; fileRef = A3C4D83E2BED395700647B50 /* BoxOfficeViewCell.swift */; };
		A3CDA1CE2BD8204000851A0F /* Then in Frameworks */ = {isa = PBXBuildFile; productRef = A3CDA1CD2BD8204000851A0F /* Then */; };
		A3CDA2002BD95E4700851A0F /* MainViewController.swift in Sources */ = {isa = PBXBuildFile; fileRef = A3CDA1FF2BD95E4700851A0F /* MainViewController.swift */; };
		A3CDA21C2BDA888800851A0F /* TivingContentModel.swift in Sources */ = {isa = PBXBuildFile; fileRef = A3CDA21B2BDA888800851A0F /* TivingContentModel.swift */; };
		A3CDA21E2BDA891600851A0F /* TivingContentViewCell.swift in Sources */ = {isa = PBXBuildFile; fileRef = A3CDA21D2BDA891600851A0F /* TivingContentViewCell.swift */; };
		A3CDA2202BDA8C5600851A0F /* TivingContentViewController.swift in Sources */ = {isa = PBXBuildFile; fileRef = A3CDA21F2BDA8C5600851A0F /* TivingContentViewController.swift */; };
/* End PBXBuildFile section */

/* Begin PBXFileReference section */
		A317C5B12BD1A56500FBCC33 /* NicknameViewController.swift */ = {isa = PBXFileReference; lastKnownFileType = sourcecode.swift; path = NicknameViewController.swift; sourceTree = "<group>"; };
		A317C5B32BD1C8F500FBCC33 /* UIView+.swift */ = {isa = PBXFileReference; lastKnownFileType = sourcecode.swift; path = "UIView+.swift"; sourceTree = "<group>"; };
		A347F0782BE0D5E20086DDB1 /* LiveContentModel.swift */ = {isa = PBXFileReference; lastKnownFileType = sourcecode.swift; path = LiveContentModel.swift; sourceTree = "<group>"; };
		A347F07A2BE0D5EE0086DDB1 /* LiveContentViewCell.swift */ = {isa = PBXFileReference; lastKnownFileType = sourcecode.swift; path = LiveContentViewCell.swift; sourceTree = "<group>"; };
		A347F07C2BE0D5FE0086DDB1 /* LiveContentViewController.swift */ = {isa = PBXFileReference; lastKnownFileType = sourcecode.swift; path = LiveContentViewController.swift; sourceTree = "<group>"; };
		A347F0812BE0E1220086DDB1 /* RecommendContentViewController.swift */ = {isa = PBXFileReference; lastKnownFileType = sourcecode.swift; path = RecommendContentViewController.swift; sourceTree = "<group>"; };
		A347F0832BE0E17E0086DDB1 /* RecommendContentViewCell.swift */ = {isa = PBXFileReference; lastKnownFileType = sourcecode.swift; path = RecommendContentViewCell.swift; sourceTree = "<group>"; };
		A347F0852BE0E1B90086DDB1 /* RecommendContentModel.swift */ = {isa = PBXFileReference; lastKnownFileType = sourcecode.swift; path = RecommendContentModel.swift; sourceTree = "<group>"; };
		A36FD6752C12381A0034D100 /* SearchView.swift */ = {isa = PBXFileReference; lastKnownFileType = sourcecode.swift; path = SearchView.swift; sourceTree = "<group>"; };
		A36FD6772C123B350034D100 /* SearchViewController.swift */ = {isa = PBXFileReference; lastKnownFileType = sourcecode.swift; path = SearchViewController.swift; sourceTree = "<group>"; };
		A36FD68C2C123D230034D100 /* Pretendard-Black.otf */ = {isa = PBXFileReference; lastKnownFileType = file; name = "Pretendard-Black.otf"; path = "../../../../../things/font/Pretendard/public/static/Pretendard-Black.otf"; sourceTree = "<group>"; };
		A36FD68D2C123D230034D100 /* Pretendard-ExtraBold.otf */ = {isa = PBXFileReference; lastKnownFileType = file; name = "Pretendard-ExtraBold.otf"; path = "../../../../../things/font/Pretendard/public/static/Pretendard-ExtraBold.otf"; sourceTree = "<group>"; };
		A36FD68E2C123D230034D100 /* Pretendard-ExtraLight.otf */ = {isa = PBXFileReference; lastKnownFileType = file; name = "Pretendard-ExtraLight.otf"; path = "../../../../../things/font/Pretendard/public/static/Pretendard-ExtraLight.otf"; sourceTree = "<group>"; };
		A36FD68F2C123D230034D100 /* Pretendard-SemiBold.otf */ = {isa = PBXFileReference; lastKnownFileType = file; name = "Pretendard-SemiBold.otf"; path = "../../../../../things/font/Pretendard/public/static/Pretendard-SemiBold.otf"; sourceTree = "<group>"; };
		A36FD6902C123D230034D100 /* Pretendard-Thin.otf */ = {isa = PBXFileReference; lastKnownFileType = file; name = "Pretendard-Thin.otf"; path = "../../../../../things/font/Pretendard/public/static/Pretendard-Thin.otf"; sourceTree = "<group>"; };
		A36FD6912C123D230034D100 /* Pretendard-Medium.otf */ = {isa = PBXFileReference; lastKnownFileType = file; name = "Pretendard-Medium.otf"; path = "../../../../../things/font/Pretendard/public/static/Pretendard-Medium.otf"; sourceTree = "<group>"; };
		A36FD6922C123D230034D100 /* Pretendard-Light.otf */ = {isa = PBXFileReference; lastKnownFileType = file; name = "Pretendard-Light.otf"; path = "../../../../../things/font/Pretendard/public/static/Pretendard-Light.otf"; sourceTree = "<group>"; };
		A36FD6932C123D230034D100 /* Pretendard-Regular.otf */ = {isa = PBXFileReference; lastKnownFileType = file; name = "Pretendard-Regular.otf"; path = "../../../../../things/font/Pretendard/public/static/Pretendard-Regular.otf"; sourceTree = "<group>"; };
		A36FD6942C123D230034D100 /* Pretendard-Bold.otf */ = {isa = PBXFileReference; lastKnownFileType = file; name = "Pretendard-Bold.otf"; path = "../../../../../things/font/Pretendard/public/static/Pretendard-Bold.otf"; sourceTree = "<group>"; };
		A36FF6EA2C10C748004BF480 /* LoginView.swift */ = {isa = PBXFileReference; lastKnownFileType = sourcecode.swift; path = LoginView.swift; sourceTree = "<group>"; };
		A36FF6EC2C10C75A004BF480 /* LoginViewModel.swift */ = {isa = PBXFileReference; lastKnownFileType = sourcecode.swift; path = LoginViewModel.swift; sourceTree = "<group>"; };
		A36FF6F02C10C902004BF480 /* LoginViewController.swift */ = {isa = PBXFileReference; lastKnownFileType = sourcecode.swift; path = LoginViewController.swift; sourceTree = "<group>"; };
		A36FF6F22C10D66D004BF480 /* UIButton+.swift */ = {isa = PBXFileReference; lastKnownFileType = sourcecode.swift; path = "UIButton+.swift"; sourceTree = "<group>"; };
		A36FF6F62C110200004BF480 /* WelcomeView.swift */ = {isa = PBXFileReference; lastKnownFileType = sourcecode.swift; path = WelcomeView.swift; sourceTree = "<group>"; };
		A36FF6F82C11020E004BF480 /* WelcomeViewController.swift */ = {isa = PBXFileReference; lastKnownFileType = sourcecode.swift; path = WelcomeViewController.swift; sourceTree = "<group>"; };
		A3B375132BD01C1300AA87E5 /* 34th-Sopt-Assignment.app */ = {isa = PBXFileReference; explicitFileType = wrapper.application; includeInIndex = 0; path = "34th-Sopt-Assignment.app"; sourceTree = BUILT_PRODUCTS_DIR; };
		A3B375162BD01C1300AA87E5 /* AppDelegate.swift */ = {isa = PBXFileReference; lastKnownFileType = sourcecode.swift; path = AppDelegate.swift; sourceTree = "<group>"; };
		A3B375182BD01C1300AA87E5 /* SceneDelegate.swift */ = {isa = PBXFileReference; lastKnownFileType = sourcecode.swift; path = SceneDelegate.swift; sourceTree = "<group>"; };
		A3B3751A2BD01C1300AA87E5 /* ViewController.swift */ = {isa = PBXFileReference; lastKnownFileType = sourcecode.swift; path = ViewController.swift; sourceTree = "<group>"; };
		A3B3751D2BD01C1300AA87E5 /* Base */ = {isa = PBXFileReference; lastKnownFileType = file.storyboard; name = Base; path = Base.lproj/Main.storyboard; sourceTree = "<group>"; };
		A3B3751F2BD01C1600AA87E5 /* Assets.xcassets */ = {isa = PBXFileReference; lastKnownFileType = folder.assetcatalog; path = Assets.xcassets; sourceTree = "<group>"; };
		A3B375222BD01C1600AA87E5 /* Base */ = {isa = PBXFileReference; lastKnownFileType = file.storyboard; name = Base; path = Base.lproj/LaunchScreen.storyboard; sourceTree = "<group>"; };
		A3B375242BD01C1600AA87E5 /* Info.plist */ = {isa = PBXFileReference; lastKnownFileType = text.plist.xml; path = Info.plist; sourceTree = "<group>"; };
		A3B3752A2BD0212200AA87E5 /* LoginViewController_MVC.swift */ = {isa = PBXFileReference; lastKnownFileType = sourcecode.swift; path = LoginViewController_MVC.swift; sourceTree = "<group>"; };
		A3B3752C2BD0213E00AA87E5 /* WelcomeViewController_MVC.swift */ = {isa = PBXFileReference; lastKnownFileType = sourcecode.swift; path = WelcomeViewController_MVC.swift; sourceTree = "<group>"; };
		A3B375652BD068BD00AA87E5 /* UILabel+.swift */ = {isa = PBXFileReference; lastKnownFileType = sourcecode.swift; path = "UILabel+.swift"; sourceTree = "<group>"; };
		A3B375672BD156E600AA87E5 /* UITextField+.swift */ = {isa = PBXFileReference; lastKnownFileType = sourcecode.swift; path = "UITextField+.swift"; sourceTree = "<group>"; };
		A3C4D82D2BECD40B00647B50 /* Config.swift */ = {isa = PBXFileReference; lastKnownFileType = sourcecode.swift; path = Config.swift; sourceTree = "<group>"; };
		A3C4D82F2BECDE8900647B50 /* NetworkResult.swift */ = {isa = PBXFileReference; lastKnownFileType = sourcecode.swift; path = NetworkResult.swift; sourceTree = "<group>"; };
		A3C4D8312BECDEB800647B50 /* MoyaLoggingPlugin.swift */ = {isa = PBXFileReference; lastKnownFileType = sourcecode.swift; path = MoyaLoggingPlugin.swift; sourceTree = "<group>"; };
		A3C4D8342BECE51000647B50 /* BoxOfficeResponseModel.swift */ = {isa = PBXFileReference; lastKnownFileType = sourcecode.swift; path = BoxOfficeResponseModel.swift; sourceTree = "<group>"; };
		A3C4D83A2BED158B00647B50 /* BoxOfficeTargetType.swift */ = {isa = PBXFileReference; lastKnownFileType = sourcecode.swift; path = BoxOfficeTargetType.swift; sourceTree = "<group>"; };
		A3C4D83C2BED22E400647B50 /* BoxOfficeService.swift */ = {isa = PBXFileReference; lastKnownFileType = sourcecode.swift; path = BoxOfficeService.swift; sourceTree = "<group>"; };
		A3C4D83E2BED395700647B50 /* BoxOfficeViewCell.swift */ = {isa = PBXFileReference; lastKnownFileType = sourcecode.swift; path = BoxOfficeViewCell.swift; sourceTree = "<group>"; };
		A3CDA1FF2BD95E4700851A0F /* MainViewController.swift */ = {isa = PBXFileReference; lastKnownFileType = sourcecode.swift; path = MainViewController.swift; sourceTree = "<group>"; };
		A3CDA21B2BDA888800851A0F /* TivingContentModel.swift */ = {isa = PBXFileReference; lastKnownFileType = sourcecode.swift; path = TivingContentModel.swift; sourceTree = "<group>"; };
		A3CDA21D2BDA891600851A0F /* TivingContentViewCell.swift */ = {isa = PBXFileReference; lastKnownFileType = sourcecode.swift; path = TivingContentViewCell.swift; sourceTree = "<group>"; };
		A3CDA21F2BDA8C5600851A0F /* TivingContentViewController.swift */ = {isa = PBXFileReference; lastKnownFileType = sourcecode.swift; path = TivingContentViewController.swift; sourceTree = "<group>"; };
/* End PBXFileReference section */

/* Begin PBXFrameworksBuildPhase section */
		A3B375102BD01C1300AA87E5 /* Frameworks */ = {
			isa = PBXFrameworksBuildPhase;
			buildActionMask = 2147483647;
			files = (
				A3B375302BD023D500AA87E5 /* SnapKit in Frameworks */,
				A3CDA1CE2BD8204000851A0F /* Then in Frameworks */,
				A3C4D82A2BECCDDB00647B50 /* Moya in Frameworks */,
				A3B375322BD023D500AA87E5 /* SnapKit-Dynamic in Frameworks */,
			);
			runOnlyForDeploymentPostprocessing = 0;
		};
/* End PBXFrameworksBuildPhase section */

/* Begin PBXGroup section */
		A347F0772BE074230086DDB1 /* Main */ = {
			isa = PBXGroup;
			children = (
				A3CDA1FF2BD95E4700851A0F /* MainViewController.swift */,
				A347F07F2BE0E0A50086DDB1 /* ViewController */,
				A347F0802BE0E0AC0086DDB1 /* ViewCell */,
				A347F07E2BE0E09B0086DDB1 /* Model */,
			);
			path = Main;
			sourceTree = "<group>";
		};
		A347F07E2BE0E09B0086DDB1 /* Model */ = {
			isa = PBXGroup;
			children = (
				A3CDA21B2BDA888800851A0F /* TivingContentModel.swift */,
				A347F0782BE0D5E20086DDB1 /* LiveContentModel.swift */,
				A347F0852BE0E1B90086DDB1 /* RecommendContentModel.swift */,
			);
			path = Model;
			sourceTree = "<group>";
		};
		A347F07F2BE0E0A50086DDB1 /* ViewController */ = {
			isa = PBXGroup;
			children = (
				A3CDA21F2BDA8C5600851A0F /* TivingContentViewController.swift */,
				A347F07C2BE0D5FE0086DDB1 /* LiveContentViewController.swift */,
				A347F0812BE0E1220086DDB1 /* RecommendContentViewController.swift */,
			);
			path = ViewController;
			sourceTree = "<group>";
		};
		A347F0802BE0E0AC0086DDB1 /* ViewCell */ = {
			isa = PBXGroup;
			children = (
				A3CDA21D2BDA891600851A0F /* TivingContentViewCell.swift */,
				A347F07A2BE0D5EE0086DDB1 /* LiveContentViewCell.swift */,
				A347F0832BE0E17E0086DDB1 /* RecommendContentViewCell.swift */,
			);
			path = ViewCell;
			sourceTree = "<group>";
		};
		A36FD6742C1237F40034D100 /* Search */ = {
			isa = PBXGroup;
			children = (
				A36FD6752C12381A0034D100 /* SearchView.swift */,
				A3C4D83E2BED395700647B50 /* BoxOfficeViewCell.swift */,
				A36FD6772C123B350034D100 /* SearchViewController.swift */,
				A3C4D8342BECE51000647B50 /* BoxOfficeResponseModel.swift */,
			);
			path = Search;
			sourceTree = "<group>";
		};
		A36FD68B2C123D190034D100 /* Fonts */ = {
			isa = PBXGroup;
			children = (
				A36FD68C2C123D230034D100 /* Pretendard-Black.otf */,
				A36FD6942C123D230034D100 /* Pretendard-Bold.otf */,
				A36FD68D2C123D230034D100 /* Pretendard-ExtraBold.otf */,
				A36FD68E2C123D230034D100 /* Pretendard-ExtraLight.otf */,
				A36FD6922C123D230034D100 /* Pretendard-Light.otf */,
				A36FD6912C123D230034D100 /* Pretendard-Medium.otf */,
				A36FD6932C123D230034D100 /* Pretendard-Regular.otf */,
				A36FD68F2C123D230034D100 /* Pretendard-SemiBold.otf */,
				A36FD6902C123D230034D100 /* Pretendard-Thin.otf */,
			);
			path = Fonts;
			sourceTree = "<group>";
		};
		A36FF6E52C10C6B4004BF480 /* Login */ = {
			isa = PBXGroup;
			children = (
				A36FF6EA2C10C748004BF480 /* LoginView.swift */,
				A36FF6EC2C10C75A004BF480 /* LoginViewModel.swift */,
				A36FF6F02C10C902004BF480 /* LoginViewController.swift */,
			);
			path = Login;
			sourceTree = "<group>";
		};
		A36FF6E62C10C6CA004BF480 /* Presentation */ = {
			isa = PBXGroup;
			children = (
				A36FF6E52C10C6B4004BF480 /* Login */,
				A36FF6E72C10C6D9004BF480 /* Welcome */,
				A347F0772BE074230086DDB1 /* Main */,
				A36FD6742C1237F40034D100 /* Search */,
			);
			path = Presentation;
			sourceTree = "<group>";
		};
		A36FF6E72C10C6D9004BF480 /* Welcome */ = {
			isa = PBXGroup;
			children = (
				A36FF6F62C110200004BF480 /* WelcomeView.swift */,
				A36FF6F82C11020E004BF480 /* WelcomeViewController.swift */,
			);
			path = Welcome;
			sourceTree = "<group>";
		};
		A3B3750A2BD01C1300AA87E5 = {
			isa = PBXGroup;
			children = (
				A3B375152BD01C1300AA87E5 /* 34th-Sopt-Assignment */,
				A3B375142BD01C1300AA87E5 /* Products */,
			);
			sourceTree = "<group>";
		};
		A3B375142BD01C1300AA87E5 /* Products */ = {
			isa = PBXGroup;
			children = (
				A3B375132BD01C1300AA87E5 /* 34th-Sopt-Assignment.app */,
			);
			name = Products;
			sourceTree = "<group>";
		};
		A3B375152BD01C1300AA87E5 /* 34th-Sopt-Assignment */ = {
			isa = PBXGroup;
			children = (
				A3B375242BD01C1600AA87E5 /* Info.plist */,
				A3CDA1D22BD8E04E00851A0F /* App */,
				A3CDA1D12BD8E01D00851A0F /* Resource */,
				A3B375642BD068A900AA87E5 /* Extension */,
				A3C4D8332BECDF2200647B50 /* Network */,
				A36FF6E62C10C6CA004BF480 /* Presentation */,
				A3B3752A2BD0212200AA87E5 /* LoginViewController_MVC.swift */,
				A3B3752C2BD0213E00AA87E5 /* WelcomeViewController_MVC.swift */,
				A317C5B12BD1A56500FBCC33 /* NicknameViewController.swift */,
			);
			path = "34th-Sopt-Assignment";
			sourceTree = "<group>";
		};
		A3B375642BD068A900AA87E5 /* Extension */ = {
			isa = PBXGroup;
			children = (
				A3B375652BD068BD00AA87E5 /* UILabel+.swift */,
				A36FF6F22C10D66D004BF480 /* UIButton+.swift */,
				A3B375672BD156E600AA87E5 /* UITextField+.swift */,
				A317C5B32BD1C8F500FBCC33 /* UIView+.swift */,
			);
			path = Extension;
			sourceTree = "<group>";
		};
		A3C4D8332BECDF2200647B50 /* Network */ = {
			isa = PBXGroup;
			children = (
				A3C4D82D2BECD40B00647B50 /* Config.swift */,
				A3C4D82F2BECDE8900647B50 /* NetworkResult.swift */,
				A3C4D8312BECDEB800647B50 /* MoyaLoggingPlugin.swift */,
				A3C4D83A2BED158B00647B50 /* BoxOfficeTargetType.swift */,
				A3C4D83C2BED22E400647B50 /* BoxOfficeService.swift */,
			);
			path = Network;
			sourceTree = "<group>";
		};
		A3CDA1D12BD8E01D00851A0F /* Resource */ = {
			isa = PBXGroup;
			children = (
				A36FD68B2C123D190034D100 /* Fonts */,
				A3B3751F2BD01C1600AA87E5 /* Assets.xcassets */,
			);
			path = Resource;
			sourceTree = "<group>";
		};
		A3CDA1D22BD8E04E00851A0F /* App */ = {
			isa = PBXGroup;
			children = (
				A3B375162BD01C1300AA87E5 /* AppDelegate.swift */,
				A3B375182BD01C1300AA87E5 /* SceneDelegate.swift */,
				A3B3751A2BD01C1300AA87E5 /* ViewController.swift */,
				A3B3751C2BD01C1300AA87E5 /* Main.storyboard */,
				A3B375212BD01C1600AA87E5 /* LaunchScreen.storyboard */,
			);
			path = App;
			sourceTree = "<group>";
		};
/* End PBXGroup section */

/* Begin PBXNativeTarget section */
		A3B375122BD01C1300AA87E5 /* 34th-Sopt-Assignment */ = {
			isa = PBXNativeTarget;
			buildConfigurationList = A3B375272BD01C1600AA87E5 /* Build configuration list for PBXNativeTarget "34th-Sopt-Assignment" */;
			buildPhases = (
				A3B3750F2BD01C1300AA87E5 /* Sources */,
				A3B375102BD01C1300AA87E5 /* Frameworks */,
				A3B375112BD01C1300AA87E5 /* Resources */,
			);
			buildRules = (
			);
			dependencies = (
			);
			name = "34th-Sopt-Assignment";
			packageProductDependencies = (
				A3B3752F2BD023D500AA87E5 /* SnapKit */,
				A3B375312BD023D500AA87E5 /* SnapKit-Dynamic */,
				A3CDA1CD2BD8204000851A0F /* Then */,
				A3C4D8292BECCDDB00647B50 /* Moya */,
			);
			productName = "34th-Sopt-Assignment";
			productReference = A3B375132BD01C1300AA87E5 /* 34th-Sopt-Assignment.app */;
			productType = "com.apple.product-type.application";
		};
/* End PBXNativeTarget section */

/* Begin PBXProject section */
		A3B3750B2BD01C1300AA87E5 /* Project object */ = {
			isa = PBXProject;
			attributes = {
				BuildIndependentTargetsInParallel = 1;
				LastSwiftUpdateCheck = 1530;
				LastUpgradeCheck = 1530;
				TargetAttributes = {
					A3B375122BD01C1300AA87E5 = {
						CreatedOnToolsVersion = 15.3;
					};
				};
			};
			buildConfigurationList = A3B3750E2BD01C1300AA87E5 /* Build configuration list for PBXProject "34th-Sopt-Assignment" */;
			compatibilityVersion = "Xcode 14.0";
			developmentRegion = en;
			hasScannedForEncodings = 0;
			knownRegions = (
				en,
				Base,
			);
			mainGroup = A3B3750A2BD01C1300AA87E5;
			packageReferences = (
				A3B3752E2BD023D500AA87E5 /* XCRemoteSwiftPackageReference "SnapKit" */,
				A3CDA1CC2BD8204000851A0F /* XCRemoteSwiftPackageReference "Then" */,
				A3C4D8282BECCDDB00647B50 /* XCRemoteSwiftPackageReference "Moya" */,
			);
			productRefGroup = A3B375142BD01C1300AA87E5 /* Products */;
			projectDirPath = "";
			projectRoot = "";
			targets = (
				A3B375122BD01C1300AA87E5 /* 34th-Sopt-Assignment */,
			);
		};
/* End PBXProject section */

/* Begin PBXResourcesBuildPhase section */
		A3B375112BD01C1300AA87E5 /* Resources */ = {
			isa = PBXResourcesBuildPhase;
			buildActionMask = 2147483647;
			files = (
				A36FD6972C123D230034D100 /* Pretendard-ExtraLight.otf in Resources */,
				A36FD69D2C123D230034D100 /* Pretendard-Bold.otf in Resources */,
				A3B375202BD01C1600AA87E5 /* Assets.xcassets in Resources */,
				A36FD6982C123D230034D100 /* Pretendard-SemiBold.otf in Resources */,
				A36FD69B2C123D230034D100 /* Pretendard-Light.otf in Resources */,
				A36FD6992C123D230034D100 /* Pretendard-Thin.otf in Resources */,
				A3B375232BD01C1600AA87E5 /* Base in Resources */,
				A36FD6962C123D230034D100 /* Pretendard-ExtraBold.otf in Resources */,
				A36FD6952C123D230034D100 /* Pretendard-Black.otf in Resources */,
				A36FD69C2C123D230034D100 /* Pretendard-Regular.otf in Resources */,
				A3B3751E2BD01C1300AA87E5 /* Base in Resources */,
				A36FD69A2C123D230034D100 /* Pretendard-Medium.otf in Resources */,
			);
			runOnlyForDeploymentPostprocessing = 0;
		};
/* End PBXResourcesBuildPhase section */

/* Begin PBXSourcesBuildPhase section */
		A3B3750F2BD01C1300AA87E5 /* Sources */ = {
			isa = PBXSourcesBuildPhase;
			buildActionMask = 2147483647;
			files = (
				A3C4D8352BECE51000647B50 /* BoxOfficeResponseModel.swift in Sources */,
				A36FF6EB2C10C748004BF480 /* LoginView.swift in Sources */,
				A3B375662BD068BD00AA87E5 /* UILabel+.swift in Sources */,
				A347F0792BE0D5E20086DDB1 /* LiveContentModel.swift in Sources */,
				A3B3752B2BD0212200AA87E5 /* LoginViewController_MVC.swift in Sources */,
				A36FF6F92C11020E004BF480 /* WelcomeViewController.swift in Sources */,
				A3B375682BD156E600AA87E5 /* UITextField+.swift in Sources */,
				A347F07D2BE0D5FE0086DDB1 /* LiveContentViewController.swift in Sources */,
				A36FF6ED2C10C75A004BF480 /* LoginViewModel.swift in Sources */,
				A36FD6762C12381A0034D100 /* SearchView.swift in Sources */,
				A3C4D83F2BED395800647B50 /* BoxOfficeViewCell.swift in Sources */,
				A3B3752D2BD0213E00AA87E5 /* WelcomeViewController_MVC.swift in Sources */,
				A317C5B22BD1A56500FBCC33 /* NicknameViewController.swift in Sources */,
				A36FF6F12C10C902004BF480 /* LoginViewController.swift in Sources */,
				A3B3751B2BD01C1300AA87E5 /* ViewController.swift in Sources */,
				A347F0842BE0E17E0086DDB1 /* RecommendContentViewCell.swift in Sources */,
				A36FF6F32C10D66D004BF480 /* UIButton+.swift in Sources */,
				A317C5B42BD1C8F500FBCC33 /* UIView+.swift in Sources */,
				A3C4D83D2BED22E400647B50 /* BoxOfficeService.swift in Sources */,
				A3CDA21C2BDA888800851A0F /* TivingContentModel.swift in Sources */,
				A347F0822BE0E1220086DDB1 /* RecommendContentViewController.swift in Sources */,
				A3B375172BD01C1300AA87E5 /* AppDelegate.swift in Sources */,
				A3C4D83B2BED158B00647B50 /* BoxOfficeTargetType.swift in Sources */,
				A3C4D8302BECDE8900647B50 /* NetworkResult.swift in Sources */,
				A347F0862BE0E1B90086DDB1 /* RecommendContentModel.swift in Sources */,
				A347F07B2BE0D5EE0086DDB1 /* LiveContentViewCell.swift in Sources */,
				A3B375192BD01C1300AA87E5 /* SceneDelegate.swift in Sources */,
				A3C4D82E2BECD40B00647B50 /* Config.swift in Sources */,
				A36FD6782C123B350034D100 /* SearchViewController.swift in Sources */,
				A36FF6F72C110200004BF480 /* WelcomeView.swift in Sources */,
				A3CDA2202BDA8C5600851A0F /* TivingContentViewController.swift in Sources */,
				A3CDA2002BD95E4700851A0F /* MainViewController.swift in Sources */,
				A3CDA21E2BDA891600851A0F /* TivingContentViewCell.swift in Sources */,
				A3C4D8322BECDEB800647B50 /* MoyaLoggingPlugin.swift in Sources */,
			);
			runOnlyForDeploymentPostprocessing = 0;
		};
/* End PBXSourcesBuildPhase section */

/* Begin PBXVariantGroup section */
		A3B3751C2BD01C1300AA87E5 /* Main.storyboard */ = {
			isa = PBXVariantGroup;
			children = (
				A3B3751D2BD01C1300AA87E5 /* Base */,
			);
			name = Main.storyboard;
			sourceTree = "<group>";
		};
		A3B375212BD01C1600AA87E5 /* LaunchScreen.storyboard */ = {
			isa = PBXVariantGroup;
			children = (
				A3B375222BD01C1600AA87E5 /* Base */,
			);
			name = LaunchScreen.storyboard;
			sourceTree = "<group>";
		};
/* End PBXVariantGroup section */

/* Begin XCBuildConfiguration section */
		A3B375252BD01C1600AA87E5 /* Debug */ = {
			isa = XCBuildConfiguration;
			buildSettings = {
				ALWAYS_SEARCH_USER_PATHS = NO;
				ASSETCATALOG_COMPILER_GENERATE_SWIFT_ASSET_SYMBOL_EXTENSIONS = YES;
				CLANG_ANALYZER_NONNULL = YES;
				CLANG_ANALYZER_NUMBER_OBJECT_CONVERSION = YES_AGGRESSIVE;
				CLANG_CXX_LANGUAGE_STANDARD = "gnu++20";
				CLANG_ENABLE_MODULES = YES;
				CLANG_ENABLE_OBJC_ARC = YES;
				CLANG_ENABLE_OBJC_WEAK = YES;
				CLANG_WARN_BLOCK_CAPTURE_AUTORELEASING = YES;
				CLANG_WARN_BOOL_CONVERSION = YES;
				CLANG_WARN_COMMA = YES;
				CLANG_WARN_CONSTANT_CONVERSION = YES;
				CLANG_WARN_DEPRECATED_OBJC_IMPLEMENTATIONS = YES;
				CLANG_WARN_DIRECT_OBJC_ISA_USAGE = YES_ERROR;
				CLANG_WARN_DOCUMENTATION_COMMENTS = YES;
				CLANG_WARN_EMPTY_BODY = YES;
				CLANG_WARN_ENUM_CONVERSION = YES;
				CLANG_WARN_INFINITE_RECURSION = YES;
				CLANG_WARN_INT_CONVERSION = YES;
				CLANG_WARN_NON_LITERAL_NULL_CONVERSION = YES;
				CLANG_WARN_OBJC_IMPLICIT_RETAIN_SELF = YES;
				CLANG_WARN_OBJC_LITERAL_CONVERSION = YES;
				CLANG_WARN_OBJC_ROOT_CLASS = YES_ERROR;
				CLANG_WARN_QUOTED_INCLUDE_IN_FRAMEWORK_HEADER = YES;
				CLANG_WARN_RANGE_LOOP_ANALYSIS = YES;
				CLANG_WARN_STRICT_PROTOTYPES = YES;
				CLANG_WARN_SUSPICIOUS_MOVE = YES;
				CLANG_WARN_UNGUARDED_AVAILABILITY = YES_AGGRESSIVE;
				CLANG_WARN_UNREACHABLE_CODE = YES;
				CLANG_WARN__DUPLICATE_METHOD_MATCH = YES;
				COPY_PHASE_STRIP = NO;
				DEBUG_INFORMATION_FORMAT = dwarf;
				ENABLE_STRICT_OBJC_MSGSEND = YES;
				ENABLE_TESTABILITY = YES;
				ENABLE_USER_SCRIPT_SANDBOXING = YES;
				GCC_C_LANGUAGE_STANDARD = gnu17;
				GCC_DYNAMIC_NO_PIC = NO;
				GCC_NO_COMMON_BLOCKS = YES;
				GCC_OPTIMIZATION_LEVEL = 0;
				GCC_PREPROCESSOR_DEFINITIONS = (
					"DEBUG=1",
					"$(inherited)",
				);
				GCC_WARN_64_TO_32_BIT_CONVERSION = YES;
				GCC_WARN_ABOUT_RETURN_TYPE = YES_ERROR;
				GCC_WARN_UNDECLARED_SELECTOR = YES;
				GCC_WARN_UNINITIALIZED_AUTOS = YES_AGGRESSIVE;
				GCC_WARN_UNUSED_FUNCTION = YES;
				GCC_WARN_UNUSED_VARIABLE = YES;
				IPHONEOS_DEPLOYMENT_TARGET = 17.4;
				LOCALIZATION_PREFERS_STRING_CATALOGS = YES;
				MTL_ENABLE_DEBUG_INFO = INCLUDE_SOURCE;
				MTL_FAST_MATH = YES;
				ONLY_ACTIVE_ARCH = YES;
				SDKROOT = iphoneos;
				SWIFT_ACTIVE_COMPILATION_CONDITIONS = "DEBUG $(inherited)";
				SWIFT_OPTIMIZATION_LEVEL = "-Onone";
			};
			name = Debug;
		};
		A3B375262BD01C1600AA87E5 /* Release */ = {
			isa = XCBuildConfiguration;
			buildSettings = {
				ALWAYS_SEARCH_USER_PATHS = NO;
				ASSETCATALOG_COMPILER_GENERATE_SWIFT_ASSET_SYMBOL_EXTENSIONS = YES;
				CLANG_ANALYZER_NONNULL = YES;
				CLANG_ANALYZER_NUMBER_OBJECT_CONVERSION = YES_AGGRESSIVE;
				CLANG_CXX_LANGUAGE_STANDARD = "gnu++20";
				CLANG_ENABLE_MODULES = YES;
				CLANG_ENABLE_OBJC_ARC = YES;
				CLANG_ENABLE_OBJC_WEAK = YES;
				CLANG_WARN_BLOCK_CAPTURE_AUTORELEASING = YES;
				CLANG_WARN_BOOL_CONVERSION = YES;
				CLANG_WARN_COMMA = YES;
				CLANG_WARN_CONSTANT_CONVERSION = YES;
				CLANG_WARN_DEPRECATED_OBJC_IMPLEMENTATIONS = YES;
				CLANG_WARN_DIRECT_OBJC_ISA_USAGE = YES_ERROR;
				CLANG_WARN_DOCUMENTATION_COMMENTS = YES;
				CLANG_WARN_EMPTY_BODY = YES;
				CLANG_WARN_ENUM_CONVERSION = YES;
				CLANG_WARN_INFINITE_RECURSION = YES;
				CLANG_WARN_INT_CONVERSION = YES;
				CLANG_WARN_NON_LITERAL_NULL_CONVERSION = YES;
				CLANG_WARN_OBJC_IMPLICIT_RETAIN_SELF = YES;
				CLANG_WARN_OBJC_LITERAL_CONVERSION = YES;
				CLANG_WARN_OBJC_ROOT_CLASS = YES_ERROR;
				CLANG_WARN_QUOTED_INCLUDE_IN_FRAMEWORK_HEADER = YES;
				CLANG_WARN_RANGE_LOOP_ANALYSIS = YES;
				CLANG_WARN_STRICT_PROTOTYPES = YES;
				CLANG_WARN_SUSPICIOUS_MOVE = YES;
				CLANG_WARN_UNGUARDED_AVAILABILITY = YES_AGGRESSIVE;
				CLANG_WARN_UNREACHABLE_CODE = YES;
				CLANG_WARN__DUPLICATE_METHOD_MATCH = YES;
				COPY_PHASE_STRIP = NO;
				DEBUG_INFORMATION_FORMAT = "dwarf-with-dsym";
				ENABLE_NS_ASSERTIONS = NO;
				ENABLE_STRICT_OBJC_MSGSEND = YES;
				ENABLE_USER_SCRIPT_SANDBOXING = YES;
				GCC_C_LANGUAGE_STANDARD = gnu17;
				GCC_NO_COMMON_BLOCKS = YES;
				GCC_WARN_64_TO_32_BIT_CONVERSION = YES;
				GCC_WARN_ABOUT_RETURN_TYPE = YES_ERROR;
				GCC_WARN_UNDECLARED_SELECTOR = YES;
				GCC_WARN_UNINITIALIZED_AUTOS = YES_AGGRESSIVE;
				GCC_WARN_UNUSED_FUNCTION = YES;
				GCC_WARN_UNUSED_VARIABLE = YES;
				IPHONEOS_DEPLOYMENT_TARGET = 17.4;
				LOCALIZATION_PREFERS_STRING_CATALOGS = YES;
				MTL_ENABLE_DEBUG_INFO = NO;
				MTL_FAST_MATH = YES;
				SDKROOT = iphoneos;
				SWIFT_COMPILATION_MODE = wholemodule;
				VALIDATE_PRODUCT = YES;
			};
			name = Release;
		};
		A3B375282BD01C1600AA87E5 /* Debug */ = {
			isa = XCBuildConfiguration;
			buildSettings = {
				API_KEY = 66bc3cc2ccbe8656d8d9379beecbd628;
				ASSETCATALOG_COMPILER_APPICON_NAME = AppIcon;
				ASSETCATALOG_COMPILER_GLOBAL_ACCENT_COLOR_NAME = AccentColor;
				BASE_URL = "http://www.kobis.or.kr/kobisopenapi/webservice/rest/boxoffice";
				CODE_SIGN_STYLE = Automatic;
				CURRENT_PROJECT_VERSION = 1;
				DEVELOPMENT_TEAM = U4M8QWP7V2;
				GENERATE_INFOPLIST_FILE = YES;
				INFOPLIST_FILE = "34th-Sopt-Assignment/Info.plist";
				INFOPLIST_KEY_UIApplicationSupportsIndirectInputEvents = YES;
				INFOPLIST_KEY_UILaunchStoryboardName = LaunchScreen;
				INFOPLIST_KEY_UIMainStoryboardFile = Main;
				INFOPLIST_KEY_UISupportedInterfaceOrientations_iPad = "UIInterfaceOrientationPortrait UIInterfaceOrientationPortraitUpsideDown UIInterfaceOrientationLandscapeLeft UIInterfaceOrientationLandscapeRight";
				INFOPLIST_KEY_UISupportedInterfaceOrientations_iPhone = "UIInterfaceOrientationPortrait UIInterfaceOrientationLandscapeLeft UIInterfaceOrientationLandscapeRight";
				LD_RUNPATH_SEARCH_PATHS = (
					"$(inherited)",
					"@executable_path/Frameworks",
				);
				MARKETING_VERSION = 1.0;
				PRODUCT_BUNDLE_IDENTIFIER = "suyeon.-4th-Sopt-Assignment";
				PRODUCT_NAME = "$(TARGET_NAME)";
				SWIFT_EMIT_LOC_STRINGS = YES;
				SWIFT_VERSION = 5.0;
				TARGETED_DEVICE_FAMILY = "1,2";
			};
			name = Debug;
		};
		A3B375292BD01C1600AA87E5 /* Release */ = {
			isa = XCBuildConfiguration;
			buildSettings = {
				API_KEY = 66bc3cc2ccbe8656d8d9379beecbd628;
				ASSETCATALOG_COMPILER_APPICON_NAME = AppIcon;
				ASSETCATALOG_COMPILER_GLOBAL_ACCENT_COLOR_NAME = AccentColor;
				BASE_URL = "http://www.kobis.or.kr/kobisopenapi/webservice/rest/boxoffice";
				CODE_SIGN_STYLE = Automatic;
				CURRENT_PROJECT_VERSION = 1;
				DEVELOPMENT_TEAM = U4M8QWP7V2;
				GENERATE_INFOPLIST_FILE = YES;
				INFOPLIST_FILE = "34th-Sopt-Assignment/Info.plist";
				INFOPLIST_KEY_UIApplicationSupportsIndirectInputEvents = YES;
				INFOPLIST_KEY_UILaunchStoryboardName = LaunchScreen;
				INFOPLIST_KEY_UIMainStoryboardFile = Main;
				INFOPLIST_KEY_UISupportedInterfaceOrientations_iPad = "UIInterfaceOrientationPortrait UIInterfaceOrientationPortraitUpsideDown UIInterfaceOrientationLandscapeLeft UIInterfaceOrientationLandscapeRight";
				INFOPLIST_KEY_UISupportedInterfaceOrientations_iPhone = "UIInterfaceOrientationPortrait UIInterfaceOrientationLandscapeLeft UIInterfaceOrientationLandscapeRight";
				LD_RUNPATH_SEARCH_PATHS = (
					"$(inherited)",
					"@executable_path/Frameworks",
				);
				MARKETING_VERSION = 1.0;
				PRODUCT_BUNDLE_IDENTIFIER = "suyeon.-4th-Sopt-Assignment";
				PRODUCT_NAME = "$(TARGET_NAME)";
				SWIFT_EMIT_LOC_STRINGS = YES;
				SWIFT_VERSION = 5.0;
				TARGETED_DEVICE_FAMILY = "1,2";
			};
			name = Release;
		};
/* End XCBuildConfiguration section */

/* Begin XCConfigurationList section */
		A3B3750E2BD01C1300AA87E5 /* Build configuration list for PBXProject "34th-Sopt-Assignment" */ = {
			isa = XCConfigurationList;
			buildConfigurations = (
				A3B375252BD01C1600AA87E5 /* Debug */,
				A3B375262BD01C1600AA87E5 /* Release */,
			);
			defaultConfigurationIsVisible = 0;
			defaultConfigurationName = Release;
		};
		A3B375272BD01C1600AA87E5 /* Build configuration list for PBXNativeTarget "34th-Sopt-Assignment" */ = {
			isa = XCConfigurationList;
			buildConfigurations = (
				A3B375282BD01C1600AA87E5 /* Debug */,
				A3B375292BD01C1600AA87E5 /* Release */,
			);
			defaultConfigurationIsVisible = 0;
			defaultConfigurationName = Release;
		};
/* End XCConfigurationList section */

/* Begin XCRemoteSwiftPackageReference section */
		A3B3752E2BD023D500AA87E5 /* XCRemoteSwiftPackageReference "SnapKit" */ = {
			isa = XCRemoteSwiftPackageReference;
			repositoryURL = "https://github.com/SnapKit/SnapKit.git";
			requirement = {
				kind = upToNextMajorVersion;
				minimumVersion = 5.7.1;
			};
		};
		A3C4D8282BECCDDB00647B50 /* XCRemoteSwiftPackageReference "Moya" */ = {
			isa = XCRemoteSwiftPackageReference;
			repositoryURL = "https://github.com/Moya/Moya";
			requirement = {
				kind = upToNextMajorVersion;
				minimumVersion = 15.0.3;
			};
		};
		A3CDA1CC2BD8204000851A0F /* XCRemoteSwiftPackageReference "Then" */ = {
			isa = XCRemoteSwiftPackageReference;
			repositoryURL = "https://github.com/devxoul/Then";
			requirement = {
				kind = upToNextMajorVersion;
				minimumVersion = 3.0.0;
			};
		};
/* End XCRemoteSwiftPackageReference section */

/* Begin XCSwiftPackageProductDependency section */
		A3B3752F2BD023D500AA87E5 /* SnapKit */ = {
			isa = XCSwiftPackageProductDependency;
			package = A3B3752E2BD023D500AA87E5 /* XCRemoteSwiftPackageReference "SnapKit" */;
			productName = SnapKit;
		};
		A3B375312BD023D500AA87E5 /* SnapKit-Dynamic */ = {
			isa = XCSwiftPackageProductDependency;
			package = A3B3752E2BD023D500AA87E5 /* XCRemoteSwiftPackageReference "SnapKit" */;
			productName = "SnapKit-Dynamic";
		};
		A3C4D8292BECCDDB00647B50 /* Moya */ = {
			isa = XCSwiftPackageProductDependency;
			package = A3C4D8282BECCDDB00647B50 /* XCRemoteSwiftPackageReference "Moya" */;
			productName = Moya;
		};
		A3CDA1CD2BD8204000851A0F /* Then */ = {
			isa = XCSwiftPackageProductDependency;
			package = A3CDA1CC2BD8204000851A0F /* XCRemoteSwiftPackageReference "Then" */;
			productName = Then;
		};
/* End XCSwiftPackageProductDependency section */
	};
	rootObject = A3B3750B2BD01C1300AA87E5 /* Project object */;
}
